
Microsoft Visual Studio Solution File, Format Version 12.00
# Visual Studio 15
VisualStudioVersion = 15.0.26403.7
MinimumVisualStudioVersion = 10.0.40219.1
Project("{F184B08F-C81C-45F6-A57F-5ABD9991F28F}") = "ExtensionCreator", "ExtensionCreator\ExtensionCreator.vbproj", "{2F935F90-C8AD-455C-B202-91AF65037FE1}"
EndProject
Project("{F184B08F-C81C-45F6-A57F-5ABD9991F28F}") = "ExtensionCreatorGUI", "ExtensionCreatorGUI\ExtensionCreatorGUI.vbproj", "{35A740FF-30E9-4DE8-A49D-09A8DEBA9ABC}"
EndProject
Project("{F184B08F-C81C-45F6-A57F-5ABD9991F28F}") = "JoomlaLibrary", "JoomlaLibrary\JoomlaLibrary.vbproj", "{9569EF25-2DC9-41AD-91CC-88CB7729D0E4}"
EndProject
Project("{F184B08F-C81C-45F6-A57F-5ABD9991F28F}") = "JoomlaLibraryTest", "JoomlaLibraryTest\JoomlaLibraryTest.vbproj", "{B4826206-7593-4D49-8538-C747E11F4E62}"
EndProject
Project("{54435603-DBB4-11D2-8724-00A0C9A8B90C}") = "ECInstaller", "ECInstaller\ECInstaller.vdproj", "{86723BE8-AF17-4ECB-9A1A-46C9048AF266}"
EndProject
Project("{F184B08F-C81C-45F6-A57F-5ABD9991F28F}") = "JoomlaGUI", "..\..\..\Visual Studio 2010\Projects\TemplateMaker\JoomlaGUI\JoomlaGUI.vbproj", "{9D998B72-23CE-4721-A9C4-90F9EAEC56FF}"
EndProject
Project("{F184B08F-C81C-45F6-A57F-5ABD9991F28F}") = "JoomlaForm", "JoomlaForm\JoomlaForm.vbproj", "{A5F96CEC-629D-481A-976F-5CB9D7316288}"
EndProject
Global
	GlobalSection(SolutionConfigurationPlatforms) = preSolution
		CD_ROM|Any CPU = CD_ROM|Any CPU
		CD_ROM|x86 = CD_ROM|x86
		Debug|Any CPU = Debug|Any CPU
		Debug|x86 = Debug|x86
		DVD-5|Any CPU = DVD-5|Any CPU
		DVD-5|x86 = DVD-5|x86
		Release|Any CPU = Release|Any CPU
		Release|x86 = Release|x86
		SingleImage|Any CPU = SingleImage|Any CPU
		SingleImage|x86 = SingleImage|x86
	EndGlobalSection
	GlobalSection(ProjectConfigurationPlatforms) = postSolution
		{2F935F90-C8AD-455C-B202-91AF65037FE1}.CD_ROM|Any CPU.ActiveCfg = Release|Any CPU
		{2F935F90-C8AD-455C-B202-91AF65037FE1}.CD_ROM|Any CPU.Build.0 = Release|Any CPU
		{2F935F90-C8AD-455C-B202-91AF65037FE1}.CD_ROM|x86.ActiveCfg = Debug|Any CPU
		{2F935F90-C8AD-455C-B202-91AF65037FE1}.CD_ROM|x86.Build.0 = Debug|Any CPU
		{2F935F90-C8AD-455C-B202-91AF65037FE1}.Debug|Any CPU.ActiveCfg = Debug|Any CPU
		{2F935F90-C8AD-455C-B202-91AF65037FE1}.Debug|Any CPU.Build.0 = Debug|Any CPU
		{2F935F90-C8AD-455C-B202-91AF65037FE1}.Debug|x86.ActiveCfg = Debug|Any CPU
		{2F935F90-C8AD-455C-B202-91AF65037FE1}.Debug|x86.Build.0 = Debug|Any CPU
		{2F935F90-C8AD-455C-B202-91AF65037FE1}.DVD-5|Any CPU.ActiveCfg = Debug|Any CPU
		{2F935F90-C8AD-455C-B202-91AF65037FE1}.DVD-5|Any CPU.Build.0 = Debug|Any CPU
		{2F935F90-C8AD-455C-B202-91AF65037FE1}.DVD-5|x86.ActiveCfg = Debug|Any CPU
		{2F935F90-C8AD-455C-B202-91AF65037FE1}.DVD-5|x86.Build.0 = Debug|Any CPU
		{2F935F90-C8AD-455C-B202-91AF65037FE1}.Release|Any CPU.ActiveCfg = Release|Any CPU
		{2F935F90-C8AD-455C-B202-91AF65037FE1}.Release|Any CPU.Build.0 = Release|Any CPU
		{2F935F90-C8AD-455C-B202-91AF65037FE1}.Release|x86.ActiveCfg = Release|Any CPU
		{2F935F90-C8AD-455C-B202-91AF65037FE1}.Release|x86.Build.0 = Release|Any CPU
		{2F935F90-C8AD-455C-B202-91AF65037FE1}.SingleImage|Any CPU.ActiveCfg = Release|Any CPU
		{2F935F90-C8AD-455C-B202-91AF65037FE1}.SingleImage|Any CPU.Build.0 = Release|Any CPU
		{2F935F90-C8AD-455C-B202-91AF65037FE1}.SingleImage|x86.ActiveCfg = Debug|Any CPU
		{2F935F90-C8AD-455C-B202-91AF65037FE1}.SingleImage|x86.Build.0 = Debug|Any CPU
		{35A740FF-30E9-4DE8-A49D-09A8DEBA9ABC}.CD_ROM|Any CPU.ActiveCfg = Release|Any CPU
		{35A740FF-30E9-4DE8-A49D-09A8DEBA9ABC}.CD_ROM|Any CPU.Build.0 = Release|Any CPU
		{35A740FF-30E9-4DE8-A49D-09A8DEBA9ABC}.CD_ROM|x86.ActiveCfg = Debug|Any CPU
		{35A740FF-30E9-4DE8-A49D-09A8DEBA9ABC}.CD_ROM|x86.Build.0 = Debug|Any CPU
		{35A740FF-30E9-4DE8-A49D-09A8DEBA9ABC}.Debug|Any CPU.ActiveCfg = Debug|Any CPU
		{35A740FF-30E9-4DE8-A49D-09A8DEBA9ABC}.Debug|Any CPU.Build.0 = Debug|Any CPU
		{35A740FF-30E9-4DE8-A49D-09A8DEBA9ABC}.Debug|x86.ActiveCfg = Debug|Any CPU
		{35A740FF-30E9-4DE8-A49D-09A8DEBA9ABC}.Debug|x86.Build.0 = Debug|Any CPU
		{35A740FF-30E9-4DE8-A49D-09A8DEBA9ABC}.DVD-5|Any CPU.ActiveCfg = Debug|Any CPU
		{35A740FF-30E9-4DE8-A49D-09A8DEBA9ABC}.DVD-5|Any CPU.Build.0 = Debug|Any CPU
		{35A740FF-30E9-4DE8-A49D-09A8DEBA9ABC}.DVD-5|x86.ActiveCfg = Debug|Any CPU
		{35A740FF-30E9-4DE8-A49D-09A8DEBA9ABC}.DVD-5|x86.Build.0 = Debug|Any CPU
		{35A740FF-30E9-4DE8-A49D-09A8DEBA9ABC}.Release|Any CPU.ActiveCfg = Release|Any CPU
		{35A740FF-30E9-4DE8-A49D-09A8DEBA9ABC}.Release|Any CPU.Build.0 = Release|Any CPU
		{35A740FF-30E9-4DE8-A49D-09A8DEBA9ABC}.Release|x86.ActiveCfg = Release|Any CPU
		{35A740FF-30E9-4DE8-A49D-09A8DEBA9ABC}.Release|x86.Build.0 = Release|Any CPU
		{35A740FF-30E9-4DE8-A49D-09A8DEBA9ABC}.SingleImage|Any CPU.ActiveCfg = Release|Any CPU
		{35A740FF-30E9-4DE8-A49D-09A8DEBA9ABC}.SingleImage|Any CPU.Build.0 = Release|Any CPU
		{35A740FF-30E9-4DE8-A49D-09A8DEBA9ABC}.SingleImage|x86.ActiveCfg = Debug|Any CPU
		{35A740FF-30E9-4DE8-A49D-09A8DEBA9ABC}.SingleImage|x86.Build.0 = Debug|Any CPU
		{9569EF25-2DC9-41AD-91CC-88CB7729D0E4}.CD_ROM|Any CPU.ActiveCfg = Release|Any CPU
		{9569EF25-2DC9-41AD-91CC-88CB7729D0E4}.CD_ROM|Any CPU.Build.0 = Release|Any CPU
		{9569EF25-2DC9-41AD-91CC-88CB7729D0E4}.CD_ROM|x86.ActiveCfg = Debug|Any CPU
		{9569EF25-2DC9-41AD-91CC-88CB7729D0E4}.CD_ROM|x86.Build.0 = Debug|Any CPU
		{9569EF25-2DC9-41AD-91CC-88CB7729D0E4}.Debug|Any CPU.ActiveCfg = Debug|Any CPU
		{9569EF25-2DC9-41AD-91CC-88CB7729D0E4}.Debug|Any CPU.Build.0 = Debug|Any CPU
		{9569EF25-2DC9-41AD-91CC-88CB7729D0E4}.Debug|x86.ActiveCfg = Debug|Any CPU
		{9569EF25-2DC9-41AD-91CC-88CB7729D0E4}.Debug|x86.Build.0 = Debug|Any CPU
		{9569EF25-2DC9-41AD-91CC-88CB7729D0E4}.DVD-5|Any CPU.ActiveCfg = Debug|Any CPU
		{9569EF25-2DC9-41AD-91CC-88CB7729D0E4}.DVD-5|Any CPU.Build.0 = Debug|Any CPU
		{9569EF25-2DC9-41AD-91CC-88CB7729D0E4}.DVD-5|x86.ActiveCfg = Debug|Any CPU
		{9569EF25-2DC9-41AD-91CC-88CB7729D0E4}.DVD-5|x86.Build.0 = Debug|Any CPU
		{9569EF25-2DC9-41AD-91CC-88CB7729D0E4}.Release|Any CPU.ActiveCfg = Release|Any CPU
		{9569EF25-2DC9-41AD-91CC-88CB7729D0E4}.Release|Any CPU.Build.0 = Release|Any CPU
		{9569EF25-2DC9-41AD-91CC-88CB7729D0E4}.Release|x86.ActiveCfg = Release|Any CPU
		{9569EF25-2DC9-41AD-91CC-88CB7729D0E4}.Release|x86.Build.0 = Release|Any CPU
		{9569EF25-2DC9-41AD-91CC-88CB7729D0E4}.SingleImage|Any CPU.ActiveCfg = Release|Any CPU
		{9569EF25-2DC9-41AD-91CC-88CB7729D0E4}.SingleImage|Any CPU.Build.0 = Release|Any CPU
		{9569EF25-2DC9-41AD-91CC-88CB7729D0E4}.SingleImage|x86.ActiveCfg = Debug|Any CPU
		{9569EF25-2DC9-41AD-91CC-88CB7729D0E4}.SingleImage|x86.Build.0 = Debug|Any CPU
		{B4826206-7593-4D49-8538-C747E11F4E62}.CD_ROM|Any CPU.ActiveCfg = Release|Any CPU
		{B4826206-7593-4D49-8538-C747E11F4E62}.CD_ROM|Any CPU.Build.0 = Release|Any CPU
		{B4826206-7593-4D49-8538-C747E11F4E62}.CD_ROM|x86.ActiveCfg = Debug|Any CPU
		{B4826206-7593-4D49-8538-C747E11F4E62}.CD_ROM|x86.Build.0 = Debug|Any CPU
		{B4826206-7593-4D49-8538-C747E11F4E62}.Debug|Any CPU.ActiveCfg = Debug|Any CPU
		{B4826206-7593-4D49-8538-C747E11F4E62}.Debug|Any CPU.Build.0 = Debug|Any CPU
		{B4826206-7593-4D49-8538-C747E11F4E62}.Debug|x86.ActiveCfg = Debug|Any CPU
		{B4826206-7593-4D49-8538-C747E11F4E62}.Debug|x86.Build.0 = Debug|Any CPU
		{B4826206-7593-4D49-8538-C747E11F4E62}.DVD-5|Any CPU.ActiveCfg = Debug|Any CPU
		{B4826206-7593-4D49-8538-C747E11F4E62}.DVD-5|Any CPU.Build.0 = Debug|Any CPU
		{B4826206-7593-4D49-8538-C747E11F4E62}.DVD-5|x86.ActiveCfg = Debug|Any CPU
		{B4826206-7593-4D49-8538-C747E11F4E62}.DVD-5|x86.Build.0 = Debug|Any CPU
		{B4826206-7593-4D49-8538-C747E11F4E62}.Release|Any CPU.ActiveCfg = Release|Any CPU
		{B4826206-7593-4D49-8538-C747E11F4E62}.Release|Any CPU.Build.0 = Release|Any CPU
		{B4826206-7593-4D49-8538-C747E11F4E62}.Release|x86.ActiveCfg = Release|Any CPU
		{B4826206-7593-4D49-8538-C747E11F4E62}.Release|x86.Build.0 = Release|Any CPU
		{B4826206-7593-4D49-8538-C747E11F4E62}.SingleImage|Any CPU.ActiveCfg = Release|Any CPU
		{B4826206-7593-4D49-8538-C747E11F4E62}.SingleImage|Any CPU.Build.0 = Release|Any CPU
		{B4826206-7593-4D49-8538-C747E11F4E62}.SingleImage|x86.ActiveCfg = Debug|Any CPU
		{B4826206-7593-4D49-8538-C747E11F4E62}.SingleImage|x86.Build.0 = Debug|Any CPU
		{86723BE8-AF17-4ECB-9A1A-46C9048AF266}.CD_ROM|Any CPU.ActiveCfg = Release
		{86723BE8-AF17-4ECB-9A1A-46C9048AF266}.CD_ROM|x86.ActiveCfg = Debug
		{86723BE8-AF17-4ECB-9A1A-46C9048AF266}.Debug|Any CPU.ActiveCfg = Debug
		{86723BE8-AF17-4ECB-9A1A-46C9048AF266}.Debug|x86.ActiveCfg = Debug
		{86723BE8-AF17-4ECB-9A1A-46C9048AF266}.DVD-5|Any CPU.ActiveCfg = Debug
		{86723BE8-AF17-4ECB-9A1A-46C9048AF266}.DVD-5|x86.ActiveCfg = Debug
		{86723BE8-AF17-4ECB-9A1A-46C9048AF266}.Release|Any CPU.ActiveCfg = Release
		{86723BE8-AF17-4ECB-9A1A-46C9048AF266}.Release|Any CPU.Build.0 = Release
		{86723BE8-AF17-4ECB-9A1A-46C9048AF266}.Release|x86.ActiveCfg = Release
		{86723BE8-AF17-4ECB-9A1A-46C9048AF266}.SingleImage|Any CPU.ActiveCfg = Release
		{86723BE8-AF17-4ECB-9A1A-46C9048AF266}.SingleImage|x86.ActiveCfg = Debug
		{9D998B72-23CE-4721-A9C4-90F9EAEC56FF}.CD_ROM|Any CPU.ActiveCfg = Release|x86
		{9D998B72-23CE-4721-A9C4-90F9EAEC56FF}.CD_ROM|Any CPU.Build.0 = Release|x86
		{9D998B72-23CE-4721-A9C4-90F9EAEC56FF}.CD_ROM|x86.ActiveCfg = Release|x86
		{9D998B72-23CE-4721-A9C4-90F9EAEC56FF}.CD_ROM|x86.Build.0 = Release|x86
		{9D998B72-23CE-4721-A9C4-90F9EAEC56FF}.Debug|Any CPU.ActiveCfg = Debug|x86
		{9D998B72-23CE-4721-A9C4-90F9EAEC56FF}.Debug|Any CPU.Build.0 = Debug|x86
		{9D998B72-23CE-4721-A9C4-90F9EAEC56FF}.Debug|x86.ActiveCfg = Debug|x86
		{9D998B72-23CE-4721-A9C4-90F9EAEC56FF}.Debug|x86.Build.0 = Debug|x86
		{9D998B72-23CE-4721-A9C4-90F9EAEC56FF}.DVD-5|Any CPU.ActiveCfg = Release|x86
		{9D998B72-23CE-4721-A9C4-90F9EAEC56FF}.DVD-5|Any CPU.Build.0 = Release|x86
		{9D998B72-23CE-4721-A9C4-90F9EAEC56FF}.DVD-5|x86.ActiveCfg = Debug|x86
		{9D998B72-23CE-4721-A9C4-90F9EAEC56FF}.DVD-5|x86.Build.0 = Debug|x86
		{9D998B72-23CE-4721-A9C4-90F9EAEC56FF}.Release|Any CPU.ActiveCfg = Release|x86
		{9D998B72-23CE-4721-A9C4-90F9EAEC56FF}.Release|Any CPU.Build.0 = Release|x86
		{9D998B72-23CE-4721-A9C4-90F9EAEC56FF}.Release|x86.ActiveCfg = Release|x86
		{9D998B72-23CE-4721-A9C4-90F9EAEC56FF}.Release|x86.Build.0 = Release|x86
		{9D998B72-23CE-4721-A9C4-90F9EAEC56FF}.SingleImage|Any CPU.ActiveCfg = Release|x86
		{9D998B72-23CE-4721-A9C4-90F9EAEC56FF}.SingleImage|Any CPU.Build.0 = Release|x86
		{9D998B72-23CE-4721-A9C4-90F9EAEC56FF}.SingleImage|x86.ActiveCfg = Release|x86
		{9D998B72-23CE-4721-A9C4-90F9EAEC56FF}.SingleImage|x86.Build.0 = Release|x86
		{A5F96CEC-629D-481A-976F-5CB9D7316288}.CD_ROM|Any CPU.ActiveCfg = Release|Any CPU
		{A5F96CEC-629D-481A-976F-5CB9D7316288}.CD_ROM|Any CPU.Build.0 = Release|Any CPU
		{A5F96CEC-629D-481A-976F-5CB9D7316288}.CD_ROM|x86.ActiveCfg = Release|Any CPU
		{A5F96CEC-629D-481A-976F-5CB9D7316288}.CD_ROM|x86.Build.0 = Release|Any CPU
		{A5F96CEC-629D-481A-976F-5CB9D7316288}.Debug|Any CPU.ActiveCfg = Debug|Any CPU
		{A5F96CEC-629D-481A-976F-5CB9D7316288}.Debug|Any CPU.Build.0 = Debug|Any CPU
		{A5F96CEC-629D-481A-976F-5CB9D7316288}.Debug|x86.ActiveCfg = Debug|Any CPU
		{A5F96CEC-629D-481A-976F-5CB9D7316288}.Debug|x86.Build.0 = Debug|Any CPU
		{A5F96CEC-629D-481A-976F-5CB9D7316288}.DVD-5|Any CPU.ActiveCfg = Debug|Any CPU
		{A5F96CEC-629D-481A-976F-5CB9D7316288}.DVD-5|Any CPU.Build.0 = Debug|Any CPU
		{A5F96CEC-629D-481A-976F-5CB9D7316288}.DVD-5|x86.ActiveCfg = Debug|Any CPU
		{A5F96CEC-629D-481A-976F-5CB9D7316288}.DVD-5|x86.Build.0 = Debug|Any CPU
		{A5F96CEC-629D-481A-976F-5CB9D7316288}.Release|Any CPU.ActiveCfg = Release|Any CPU
		{A5F96CEC-629D-481A-976F-5CB9D7316288}.Release|Any CPU.Build.0 = Release|Any CPU
		{A5F96CEC-629D-481A-976F-5CB9D7316288}.Release|x86.ActiveCfg = Release|Any CPU
		{A5F96CEC-629D-481A-976F-5CB9D7316288}.Release|x86.Build.0 = Release|Any CPU
		{A5F96CEC-629D-481A-976F-5CB9D7316288}.SingleImage|Any CPU.ActiveCfg = Release|Any CPU
		{A5F96CEC-629D-481A-976F-5CB9D7316288}.SingleImage|Any CPU.Build.0 = Release|Any CPU
		{A5F96CEC-629D-481A-976F-5CB9D7316288}.SingleImage|x86.ActiveCfg = Release|Any CPU
		{A5F96CEC-629D-481A-976F-5CB9D7316288}.SingleImage|x86.Build.0 = Release|Any CPU
	EndGlobalSection
	GlobalSection(SolutionProperties) = preSolution
		HideSolutionNode = FALSE
	EndGlobalSection
EndGlobal
